
Microsoft Visual Studio Solution File, Format Version 12.00
# Visual Studio Version 17
VisualStudioVersion = 17.12.35707.178
MinimumVisualStudioVersion = 10.0.40219.1
Project("{FAE04EC0-301F-11D3-BF4B-00C04F79EFBC}") = "BusTrackerBackend", "BusTrackerBackend\BusTrackerBackend.csproj", "{D35D0267-78A0-419A-8356-5D4BE542F95A}"
EndProject
Project("{FAE04EC0-301F-11D3-BF4B-00C04F79EFBC}") = "Contracts", "Contracts\Contracts.csproj", "{3C2EABE2-7039-4365-83A0-5141F5737B17}"
EndProject
Project("{FAE04EC0-301F-11D3-BF4B-00C04F79EFBC}") = "LoggerService", "LoggerService\LoggerService.csproj", "{D339ADD6-3572-4CB0-AB58-22F436A78137}"
EndProject
Project("{FAE04EC0-301F-11D3-BF4B-00C04F79EFBC}") = "Entities", "Entities\Entities.csproj", "{1F898552-52FB-460F-88F2-550509B5C693}"
EndProject
Project("{FAE04EC0-301F-11D3-BF4B-00C04F79EFBC}") = "Repository", "Repository\Repository.csproj", "{35F6BC21-E68D-4381-98AD-E48280026EF4}"
EndProject
Project("{FAE04EC0-301F-11D3-BF4B-00C04F79EFBC}") = "Service.Contracts", "Service.Contracts\Service.Contracts.csproj", "{7B0C6F6C-6305-4AEA-AAFB-BB887A179F61}"
EndProject
Project("{FAE04EC0-301F-11D3-BF4B-00C04F79EFBC}") = "Service", "Service\Service.csproj", "{951DAC6D-1BEC-48A9-954E-D5A43B631128}"
EndProject
Project("{FAE04EC0-301F-11D3-BF4B-00C04F79EFBC}") = "BusTrackerBackend.Presentation", "BusTrackerBackend.Presentation\BusTrackerBackend.Presentation.csproj", "{80F9306C-8ADA-46C4-B7D7-1B1618495B80}"
EndProject
Project("{FAE04EC0-301F-11D3-BF4B-00C04F79EFBC}") = "Shared", "Shared\Shared.csproj", "{C2CEAE10-D2F9-4B1E-9E23-FE0BAAB6CD1D}"
EndProject
Global
	GlobalSection(SolutionConfigurationPlatforms) = preSolution
		Debug|Any CPU = Debug|Any CPU
		Release|Any CPU = Release|Any CPU
	EndGlobalSection
	GlobalSection(ProjectConfigurationPlatforms) = postSolution
		{D35D0267-78A0-419A-8356-5D4BE542F95A}.Debug|Any CPU.ActiveCfg = Debug|Any CPU
		{D35D0267-78A0-419A-8356-5D4BE542F95A}.Debug|Any CPU.Build.0 = Debug|Any CPU
		{D35D0267-78A0-419A-8356-5D4BE542F95A}.Release|Any CPU.ActiveCfg = Release|Any CPU
		{D35D0267-78A0-419A-8356-5D4BE542F95A}.Release|Any CPU.Build.0 = Release|Any CPU
		{3C2EABE2-7039-4365-83A0-5141F5737B17}.Debug|Any CPU.ActiveCfg = Debug|Any CPU
		{3C2EABE2-7039-4365-83A0-5141F5737B17}.Debug|Any CPU.Build.0 = Debug|Any CPU
		{3C2EABE2-7039-4365-83A0-5141F5737B17}.Release|Any CPU.ActiveCfg = Release|Any CPU
		{3C2EABE2-7039-4365-83A0-5141F5737B17}.Release|Any CPU.Build.0 = Release|Any CPU
		{D339ADD6-3572-4CB0-AB58-22F436A78137}.Debug|Any CPU.ActiveCfg = Debug|Any CPU
		{D339ADD6-3572-4CB0-AB58-22F436A78137}.Debug|Any CPU.Build.0 = Debug|Any CPU
		{D339ADD6-3572-4CB0-AB58-22F436A78137}.Release|Any CPU.ActiveCfg = Release|Any CPU
		{D339ADD6-3572-4CB0-AB58-22F436A78137}.Release|Any CPU.Build.0 = Release|Any CPU
		{1F898552-52FB-460F-88F2-550509B5C693}.Debug|Any CPU.ActiveCfg = Debug|Any CPU
		{1F898552-52FB-460F-88F2-550509B5C693}.Debug|Any CPU.Build.0 = Debug|Any CPU
		{1F898552-52FB-460F-88F2-550509B5C693}.Release|Any CPU.ActiveCfg = Release|Any CPU
		{1F898552-52FB-460F-88F2-550509B5C693}.Release|Any CPU.Build.0 = Release|Any CPU
		{35F6BC21-E68D-4381-98AD-E48280026EF4}.Debug|Any CPU.ActiveCfg = Debug|Any CPU
		{35F6BC21-E68D-4381-98AD-E48280026EF4}.Debug|Any CPU.Build.0 = Debug|Any CPU
		{35F6BC21-E68D-4381-98AD-E48280026EF4}.Release|Any CPU.ActiveCfg = Release|Any CPU
		{35F6BC21-E68D-4381-98AD-E48280026EF4}.Release|Any CPU.Build.0 = Release|Any CPU
		{7B0C6F6C-6305-4AEA-AAFB-BB887A179F61}.Debug|Any CPU.ActiveCfg = Debug|Any CPU
		{7B0C6F6C-6305-4AEA-AAFB-BB887A179F61}.Debug|Any CPU.Build.0 = Debug|Any CPU
		{7B0C6F6C-6305-4AEA-AAFB-BB887A179F61}.Release|Any CPU.ActiveCfg = Release|Any CPU
		{7B0C6F6C-6305-4AEA-AAFB-BB887A179F61}.Release|Any CPU.Build.0 = Release|Any CPU
		{951DAC6D-1BEC-48A9-954E-D5A43B631128}.Debug|Any CPU.ActiveCfg = Debug|Any CPU
		{951DAC6D-1BEC-48A9-954E-D5A43B631128}.Debug|Any CPU.Build.0 = Debug|Any CPU
		{951DAC6D-1BEC-48A9-954E-D5A43B631128}.Release|Any CPU.ActiveCfg = Release|Any CPU
		{951DAC6D-1BEC-48A9-954E-D5A43B631128}.Release|Any CPU.Build.0 = Release|Any CPU
		{80F9306C-8ADA-46C4-B7D7-1B1618495B80}.Debug|Any CPU.ActiveCfg = Debug|Any CPU
		{80F9306C-8ADA-46C4-B7D7-1B1618495B80}.Debug|Any CPU.Build.0 = Debug|Any CPU
		{80F9306C-8ADA-46C4-B7D7-1B1618495B80}.Release|Any CPU.ActiveCfg = Release|Any CPU
		{80F9306C-8ADA-46C4-B7D7-1B1618495B80}.Release|Any CPU.Build.0 = Release|Any CPU
		{C2CEAE10-D2F9-4B1E-9E23-FE0BAAB6CD1D}.Debug|Any CPU.ActiveCfg = Debug|Any CPU
		{C2CEAE10-D2F9-4B1E-9E23-FE0BAAB6CD1D}.Debug|Any CPU.Build.0 = Debug|Any CPU
		{C2CEAE10-D2F9-4B1E-9E23-FE0BAAB6CD1D}.Release|Any CPU.ActiveCfg = Release|Any CPU
		{C2CEAE10-D2F9-4B1E-9E23-FE0BAAB6CD1D}.Release|Any CPU.Build.0 = Release|Any CPU
	EndGlobalSection
	GlobalSection(SolutionProperties) = preSolution
		HideSolutionNode = FALSE
	EndGlobalSection
EndGlobal
